
Microsoft Visual Studio Solution File, Format Version 12.00
# Visual Studio Version 17
VisualStudioVersion = 17.8.34525.116
MinimumVisualStudioVersion = 10.0.40219.1
Project("{9A19103F-16F7-4668-BE54-9A1E7A4F7556}") = "DataAccess", "DataAccess\DataAccess.csproj", "{6115E913-BE54-4FDD-AD54-62BF9CE76910}"
EndProject
Project("{9A19103F-16F7-4668-BE54-9A1E7A4F7556}") = "Business", "Business\Business.csproj", "{1F7C5974-6D2D-4F61-A130-2040625B5374}"
EndProject
Project("{9A19103F-16F7-4668-BE54-9A1E7A4F7556}") = "Entities", "Entities\Entities.csproj", "{77445D44-A273-4AB5-8C74-EBB4DE6EC633}"
EndProject
Project("{9A19103F-16F7-4668-BE54-9A1E7A4F7556}") = "ConsoleUI", "ConsoleUI\ConsoleUI.csproj", "{5F02A6E6-6500-43A9-B76E-F8E99DBBA616}"
EndProject
Project("{9A19103F-16F7-4668-BE54-9A1E7A4F7556}") = "Core", "Core\Core.csproj", "{75794085-6E62-4B77-821A-4A150A44D6AE}"
EndProject
Project("{FAE04EC0-301F-11D3-BF4B-00C04F79EFBC}") = "WebAPI", "WebAPI\WebAPI.csproj", "{5BE43670-A7A3-4545-B2C0-8D83032EA77F}"
EndProject
Global
	GlobalSection(SolutionConfigurationPlatforms) = preSolution
		Debug|Any CPU = Debug|Any CPU
		Release|Any CPU = Release|Any CPU
	EndGlobalSection
	GlobalSection(ProjectConfigurationPlatforms) = postSolution
		{6115E913-BE54-4FDD-AD54-62BF9CE76910}.Debug|Any CPU.ActiveCfg = Debug|Any CPU
		{6115E913-BE54-4FDD-AD54-62BF9CE76910}.Debug|Any CPU.Build.0 = Debug|Any CPU
		{6115E913-BE54-4FDD-AD54-62BF9CE76910}.Release|Any CPU.ActiveCfg = Release|Any CPU
		{6115E913-BE54-4FDD-AD54-62BF9CE76910}.Release|Any CPU.Build.0 = Release|Any CPU
		{1F7C5974-6D2D-4F61-A130-2040625B5374}.Debug|Any CPU.ActiveCfg = Debug|Any CPU
		{1F7C5974-6D2D-4F61-A130-2040625B5374}.Debug|Any CPU.Build.0 = Debug|Any CPU
		{1F7C5974-6D2D-4F61-A130-2040625B5374}.Release|Any CPU.ActiveCfg = Release|Any CPU
		{1F7C5974-6D2D-4F61-A130-2040625B5374}.Release|Any CPU.Build.0 = Release|Any CPU
		{77445D44-A273-4AB5-8C74-EBB4DE6EC633}.Debug|Any CPU.ActiveCfg = Debug|Any CPU
		{77445D44-A273-4AB5-8C74-EBB4DE6EC633}.Debug|Any CPU.Build.0 = Debug|Any CPU
		{77445D44-A273-4AB5-8C74-EBB4DE6EC633}.Release|Any CPU.ActiveCfg = Release|Any CPU
		{77445D44-A273-4AB5-8C74-EBB4DE6EC633}.Release|Any CPU.Build.0 = Release|Any CPU
		{5F02A6E6-6500-43A9-B76E-F8E99DBBA616}.Debug|Any CPU.ActiveCfg = Debug|Any CPU
		{5F02A6E6-6500-43A9-B76E-F8E99DBBA616}.Debug|Any CPU.Build.0 = Debug|Any CPU
		{5F02A6E6-6500-43A9-B76E-F8E99DBBA616}.Release|Any CPU.ActiveCfg = Release|Any CPU
		{5F02A6E6-6500-43A9-B76E-F8E99DBBA616}.Release|Any CPU.Build.0 = Release|Any CPU
		{75794085-6E62-4B77-821A-4A150A44D6AE}.Debug|Any CPU.ActiveCfg = Debug|Any CPU
		{75794085-6E62-4B77-821A-4A150A44D6AE}.Debug|Any CPU.Build.0 = Debug|Any CPU
		{75794085-6E62-4B77-821A-4A150A44D6AE}.Release|Any CPU.ActiveCfg = Release|Any CPU
		{75794085-6E62-4B77-821A-4A150A44D6AE}.Release|Any CPU.Build.0 = Release|Any CPU
		{5BE43670-A7A3-4545-B2C0-8D83032EA77F}.Debug|Any CPU.ActiveCfg = Debug|Any CPU
		{5BE43670-A7A3-4545-B2C0-8D83032EA77F}.Debug|Any CPU.Build.0 = Debug|Any CPU
		{5BE43670-A7A3-4545-B2C0-8D83032EA77F}.Release|Any CPU.ActiveCfg = Release|Any CPU
		{5BE43670-A7A3-4545-B2C0-8D83032EA77F}.Release|Any CPU.Build.0 = Release|Any CPU
	EndGlobalSection
	GlobalSection(SolutionProperties) = preSolution
		HideSolutionNode = FALSE
	EndGlobalSection
	GlobalSection(ExtensibilityGlobals) = postSolution
		SolutionGuid = {A3D782F4-F8D8-4480-BCCA-D98D6486E15D}
	EndGlobalSection
EndGlobal
